
Microsoft Visual Studio Solution File, Format Version 12.00
# Visual Studio Version 16
VisualStudioVersion = 16.0.31205.134
MinimumVisualStudioVersion = 10.0.40219.1
Project("{FAE04EC0-301F-11D3-BF4B-00C04F79EFBC}") = "Lab1", "Lab1\Lab1.csproj", "{629CE9E1-CE07-4278-8CE1-7D8A680617C9}"
EndProject
Global
	GlobalSection(SolutionConfigurationPlatforms) = preSolution
		Debug|Any CPU = Debug|Any CPU
		Release|Any CPU = Release|Any CPU
	EndGlobalSection
	GlobalSection(ProjectConfigurationPlatforms) = postSolution
		{629CE9E1-CE07-4278-8CE1-7D8A680617C9}.Debug|Any CPU.ActiveCfg = Debug|Any CPU
		{629CE9E1-CE07-4278-8CE1-7D8A680617C9}.Debug|Any CPU.Build.0 = Debug|Any CPU
		{629CE9E1-CE07-4278-8CE1-7D8A680617C9}.Release|Any CPU.ActiveCfg = Release|Any CPU
		{629CE9E1-CE07-4278-8CE1-7D8A680617C9}.Release|Any CPU.Build.0 = Release|Any CPU
	EndGlobalSection
	GlobalSection(SolutionProperties) = preSolution
		HideSolutionNode = FALSE
	EndGlobalSection
	GlobalSection(ExtensibilityGlobals) = postSolution
		SolutionGuid = {8419E3E7-7C3D-48FF-BBD0-592FF69F78A7}
	EndGlobalSection
EndGlobal
